
Microsoft Visual Studio Solution File, Format Version 12.00
# Visual Studio 15
VisualStudioVersion = 15.0.26228.4
MinimumVisualStudioVersion = 10.0.40219.1
Project("{FAE04EC0-301F-11D3-BF4B-00C04F79EFBC}") = "Task1", "Task1\Task1.csproj", "{FD1CCF6B-9E5B-4201-90E4-405788E72B15}"
EndProject
Project("{FAE04EC0-301F-11D3-BF4B-00C04F79EFBC}") = "Task2", "Task2\Task2.csproj", "{CE3ED4BE-B024-48E8-B851-E9DDA1383D86}"
EndProject
Global
	GlobalSection(SolutionConfigurationPlatforms) = preSolution
		Debug|Any CPU = Debug|Any CPU
		Release|Any CPU = Release|Any CPU
	EndGlobalSection
	GlobalSection(ProjectConfigurationPlatforms) = postSolution
		{FD1CCF6B-9E5B-4201-90E4-405788E72B15}.Debug|Any CPU.ActiveCfg = Debug|Any CPU
		{FD1CCF6B-9E5B-4201-90E4-405788E72B15}.Debug|Any CPU.Build.0 = Debug|Any CPU
		{FD1CCF6B-9E5B-4201-90E4-405788E72B15}.Release|Any CPU.ActiveCfg = Release|Any CPU
		{FD1CCF6B-9E5B-4201-90E4-405788E72B15}.Release|Any CPU.Build.0 = Release|Any CPU
		{CE3ED4BE-B024-48E8-B851-E9DDA1383D86}.Debug|Any CPU.ActiveCfg = Debug|Any CPU
		{CE3ED4BE-B024-48E8-B851-E9DDA1383D86}.Debug|Any CPU.Build.0 = Debug|Any CPU
		{CE3ED4BE-B024-48E8-B851-E9DDA1383D86}.Release|Any CPU.ActiveCfg = Release|Any CPU
		{CE3ED4BE-B024-48E8-B851-E9DDA1383D86}.Release|Any CPU.Build.0 = Release|Any CPU
	EndGlobalSection
	GlobalSection(SolutionProperties) = preSolution
		HideSolutionNode = FALSE
	EndGlobalSection
EndGlobal
