
Microsoft Visual Studio Solution File, Format Version 12.00
# Visual Studio 15
VisualStudioVersion = 15.0.26228.4
MinimumVisualStudioVersion = 10.0.40219.1
Project("{FAE04EC0-301F-11D3-BF4B-00C04F79EFBC}") = "Entities", "Entities\Entities.csproj", "{331318F1-1445-4BA9-8BA7-8691604A099F}"
EndProject
Project("{FAE04EC0-301F-11D3-BF4B-00C04F79EFBC}") = "DAL", "DAL\DAL.csproj", "{6ADDD015-A3F6-460F-996F-923AE614076C}"
EndProject
Global
	GlobalSection(SolutionConfigurationPlatforms) = preSolution
		Debug|Any CPU = Debug|Any CPU
		Release|Any CPU = Release|Any CPU
	EndGlobalSection
	GlobalSection(ProjectConfigurationPlatforms) = postSolution
		{331318F1-1445-4BA9-8BA7-8691604A099F}.Debug|Any CPU.ActiveCfg = Debug|Any CPU
		{331318F1-1445-4BA9-8BA7-8691604A099F}.Debug|Any CPU.Build.0 = Debug|Any CPU
		{331318F1-1445-4BA9-8BA7-8691604A099F}.Release|Any CPU.ActiveCfg = Release|Any CPU
		{331318F1-1445-4BA9-8BA7-8691604A099F}.Release|Any CPU.Build.0 = Release|Any CPU
		{6ADDD015-A3F6-460F-996F-923AE614076C}.Debug|Any CPU.ActiveCfg = Debug|Any CPU
		{6ADDD015-A3F6-460F-996F-923AE614076C}.Debug|Any CPU.Build.0 = Debug|Any CPU
		{6ADDD015-A3F6-460F-996F-923AE614076C}.Release|Any CPU.ActiveCfg = Release|Any CPU
		{6ADDD015-A3F6-460F-996F-923AE614076C}.Release|Any CPU.Build.0 = Release|Any CPU
	EndGlobalSection
	GlobalSection(SolutionProperties) = preSolution
		HideSolutionNode = FALSE
	EndGlobalSection
EndGlobal
